
Microsoft Visual Studio Solution File, Format Version 12.00
# Visual Studio Version 17
VisualStudioVersion = 17.14.37012.4 d17.14
MinimumVisualStudioVersion = 10.0.40219.1
Project("{FAE04EC0-301F-11D3-BF4B-00C04F79EFBC}") = "WFPW05", "WFPW05\WFPW05.csproj", "{B7317C6D-A418-4B0A-B750-0E37B422DAB6}"
EndProject
Global
	GlobalSection(SolutionConfigurationPlatforms) = preSolution
		Debug|Any CPU = Debug|Any CPU
		Release|Any CPU = Release|Any CPU
	EndGlobalSection
	GlobalSection(ProjectConfigurationPlatforms) = postSolution
		{B7317C6D-A418-4B0A-B750-0E37B422DAB6}.Debug|Any CPU.ActiveCfg = Debug|Any CPU
		{B7317C6D-A418-4B0A-B750-0E37B422DAB6}.Debug|Any CPU.Build.0 = Debug|Any CPU
		{B7317C6D-A418-4B0A-B750-0E37B422DAB6}.Release|Any CPU.ActiveCfg = Release|Any CPU
		{B7317C6D-A418-4B0A-B750-0E37B422DAB6}.Release|Any CPU.Build.0 = Release|Any CPU
	EndGlobalSection
	GlobalSection(SolutionProperties) = preSolution
		HideSolutionNode = FALSE
	EndGlobalSection
	GlobalSection(ExtensibilityGlobals) = postSolution
		SolutionGuid = {9EB66790-16E0-4A60-93BA-D8980CBE1CF9}
	EndGlobalSection
EndGlobal
